PODS:
  - IJProgressView (0.1.0)

DEPENDENCIES:
  - IJProgressView (from `https://github.com/Isuru-Nanayakkara/IJProgressView.git`)

EXTERNAL SOURCES:
  IJProgressView:
    :git: https://github.com/Isuru-Nanayakkara/IJProgressView.git

CHECKOUT OPTIONS:
  IJProgressView:
    :commit: 2b189f93ce9c2ebc941e47c8fbbbc0dc93803008
    :git: https://github.com/Isuru-Nanayakkara/IJProgressView.git

SPEC CHECKSUMS:
  IJProgressView: 24ba8bade65ca7d500fc5c74c8d48e5cf2f3f246

PODFILE CHECKSUM: 49189f1840dfc1bad3f184c701aae772e23f3bc8

COCOAPODS: 1.2.0
